// !$*UTF8*$!
{
	archiveVersion = 1;
	classes = {
	};
	objectVersion = 55;
	objects = {

/* Begin PBXBuildFile section */
		1AB977129C6425F02ACF9E6D /* Pods_AppUploadDocs.framework in Frameworks */ = {isa = PBXBuildFile; fileRef = BFD98EC54A0D129EEFB3709A /* Pods_AppUploadDocs.framework */; };
		32B8DCA28B387CF1D0FF4D71 /* Pods_AppUploadDocsTests.framework in Frameworks */ = {isa = PBXBuildFile; fileRef = BF3E03DF3A82BB144833BDD1 /* Pods_AppUploadDocsTests.framework */; };
		6F0064652772A0B4004E57EA /* AppUploadDocsApp.swift in Sources */ = {isa = PBXBuildFile; fileRef = 6F0064642772A0B4004E57EA /* AppUploadDocsApp.swift */; };
		6F0064672772A0B4004E57EA /* ContentView.swift in Sources */ = {isa = PBXBuildFile; fileRef = 6F0064662772A0B4004E57EA /* ContentView.swift */; };
		6F0064692772A0B9004E57EA /* Assets.xcassets in Resources */ = {isa = PBXBuildFile; fileRef = 6F0064682772A0B9004E57EA /* Assets.xcassets */; };
		6F00646C2772A0B9004E57EA /* Preview Assets.xcassets in Resources */ = {isa = PBXBuildFile; fileRef = 6F00646B2772A0B9004E57EA /* Preview Assets.xcassets */; };
		6F0064762772A0BA004E57EA /* AppUploadDocsTests.swift in Sources */ = {isa = PBXBuildFile; fileRef = 6F0064752772A0BA004E57EA /* AppUploadDocsTests.swift */; };
		6F0064802772A0BA004E57EA /* AppUploadDocsUITests.swift in Sources */ = {isa = PBXBuildFile; fileRef = 6F00647F2772A0BA004E57EA /* AppUploadDocsUITests.swift */; };
		6F0064822772A0BA004E57EA /* AppUploadDocsUITestsLaunchTests.swift in Sources */ = {isa = PBXBuildFile; fileRef = 6F0064812772A0BA004E57EA /* AppUploadDocsUITestsLaunchTests.swift */; };
		6F4A237F27740A4F002DE793 /* GoogleService-Info.plist in Resources */ = {isa = PBXBuildFile; fileRef = 6F4A237E27740A4F002DE793 /* GoogleService-Info.plist */; };
		6F5B348D2774216300E05FBB /* Login.swift in Sources */ = {isa = PBXBuildFile; fileRef = 6F5B348C2774216300E05FBB /* Login.swift */; };
		6F5B34912774323500E05FBB /* CreatedAccount.swift in Sources */ = {isa = PBXBuildFile; fileRef = 6F5B34902774323500E05FBB /* CreatedAccount.swift */; };
		6F5B34932774325100E05FBB /* CreatedAccountModel.swift in Sources */ = {isa = PBXBuildFile; fileRef = 6F5B34922774325100E05FBB /* CreatedAccountModel.swift */; };
		6F5B34952774342400E05FBB /* GeneralViewModel.swift in Sources */ = {isa = PBXBuildFile; fileRef = 6F5B34942774342400E05FBB /* GeneralViewModel.swift */; };
		6F5B34972774393B00E05FBB /* LoginViewModel.swift in Sources */ = {isa = PBXBuildFile; fileRef = 6F5B34962774393B00E05FBB /* LoginViewModel.swift */; };
		6F5B349927743D4900E05FBB /* Home.swift in Sources */ = {isa = PBXBuildFile; fileRef = 6F5B349827743D4900E05FBB /* Home.swift */; };
		8A69ABCF4C4939E9EE010074 /* Pods_AppUploadDocs_AppUploadDocsUITests.framework in Frameworks */ = {isa = PBXBuildFile; fileRef = D5F21B9F3B9400E96F441277 /* Pods_AppUploadDocs_AppUploadDocsUITests.framework */; };
/* End PBXBuildFile section */

/* Begin PBXContainerItemProxy section */
		6F0064722772A0BA004E57EA /* PBXContainerItemProxy */ = {
			isa = PBXContainerItemProxy;
			containerPortal = 6F0064592772A0B4004E57EA /* Project object */;
			proxyType = 1;
			remoteGlobalIDString = 6F0064602772A0B4004E57EA;
			remoteInfo = AppUploadDocs;
		};
		6F00647C2772A0BA004E57EA /* PBXContainerItemProxy */ = {
			isa = PBXContainerItemProxy;
			containerPortal = 6F0064592772A0B4004E57EA /* Project object */;
			proxyType = 1;
			remoteGlobalIDString = 6F0064602772A0B4004E57EA;
			remoteInfo = AppUploadDocs;
		};
/* End PBXContainerItemProxy section */

/* Begin PBXFileReference section */
		03834430849D994C760B0F1C /* Pods-AppUploadDocs.release.xcconfig */ = {isa = PBXFileReference; includeInIndex = 1; lastKnownFileType = text.xcconfig; name = "Pods-AppUploadDocs.release.xcconfig"; path = "Target Support Files/Pods-AppUploadDocs/Pods-AppUploadDocs.release.xcconfig"; sourceTree = "<group>"; };
		2FD50021376F9E45D7E9F66E /* Pods-AppUploadDocsTests.release.xcconfig */ = {isa = PBXFileReference; includeInIndex = 1; lastKnownFileType = text.xcconfig; name = "Pods-AppUploadDocsTests.release.xcconfig"; path = "Target Support Files/Pods-AppUploadDocsTests/Pods-AppUploadDocsTests.release.xcconfig"; sourceTree = "<group>"; };
		6F0064612772A0B4004E57EA /* AppUploadDocs.app */ = {isa = PBXFileReference; explicitFileType = wrapper.application; includeInIndex = 0; path = AppUploadDocs.app; sourceTree = BUILT_PRODUCTS_DIR; };
		6F0064642772A0B4004E57EA /* AppUploadDocsApp.swift */ = {isa = PBXFileReference; lastKnownFileType = sourcecode.swift; path = AppUploadDocsApp.swift; sourceTree = "<group>"; };
		6F0064662772A0B4004E57EA /* ContentView.swift */ = {isa = PBXFileReference; lastKnownFileType = sourcecode.swift; path = ContentView.swift; sourceTree = "<group>"; };
		6F0064682772A0B9004E57EA /* Assets.xcassets */ = {isa = PBXFileReference; lastKnownFileType = folder.assetcatalog; path = Assets.xcassets; sourceTree = "<group>"; };
		6F00646B2772A0B9004E57EA /* Preview Assets.xcassets */ = {isa = PBXFileReference; lastKnownFileType = folder.assetcatalog; path = "Preview Assets.xcassets"; sourceTree = "<group>"; };
		6F0064712772A0BA004E57EA /* AppUploadDocsTests.xctest */ = {isa = PBXFileReference; explicitFileType = wrapper.cfbundle; includeInIndex = 0; path = AppUploadDocsTests.xctest; sourceTree = BUILT_PRODUCTS_DIR; };
		6F0064752772A0BA004E57EA /* AppUploadDocsTests.swift */ = {isa = PBXFileReference; lastKnownFileType = sourcecode.swift; path = AppUploadDocsTests.swift; sourceTree = "<group>"; };
		6F00647B2772A0BA004E57EA /* AppUploadDocsUITests.xctest */ = {isa = PBXFileReference; explicitFileType = wrapper.cfbundle; includeInIndex = 0; path = AppUploadDocsUITests.xctest; sourceTree = BUILT_PRODUCTS_DIR; };
		6F00647F2772A0BA004E57EA /* AppUploadDocsUITests.swift */ = {isa = PBXFileReference; lastKnownFileType = sourcecode.swift; path = AppUploadDocsUITests.swift; sourceTree = "<group>"; };
		6F0064812772A0BA004E57EA /* AppUploadDocsUITestsLaunchTests.swift */ = {isa = PBXFileReference; lastKnownFileType = sourcecode.swift; path = AppUploadDocsUITestsLaunchTests.swift; sourceTree = "<group>"; };
		6F4A237E27740A4F002DE793 /* GoogleService-Info.plist */ = {isa = PBXFileReference; fileEncoding = 4; lastKnownFileType = text.plist.xml; path = "GoogleService-Info.plist"; sourceTree = "<group>"; };
		6F5B348C2774216300E05FBB /* Login.swift */ = {isa = PBXFileReference; lastKnownFileType = sourcecode.swift; path = Login.swift; sourceTree = "<group>"; };
		6F5B34902774323500E05FBB /* CreatedAccount.swift */ = {isa = PBXFileReference; lastKnownFileType = sourcecode.swift; path = CreatedAccount.swift; sourceTree = "<group>"; };
		6F5B34922774325100E05FBB /* CreatedAccountModel.swift */ = {isa = PBXFileReference; lastKnownFileType = sourcecode.swift; path = CreatedAccountModel.swift; sourceTree = "<group>"; };
		6F5B34942774342400E05FBB /* GeneralViewModel.swift */ = {isa = PBXFileReference; lastKnownFileType = sourcecode.swift; path = GeneralViewModel.swift; sourceTree = "<group>"; };
		6F5B34962774393B00E05FBB /* LoginViewModel.swift */ = {isa = PBXFileReference; lastKnownFileType = sourcecode.swift; path = LoginViewModel.swift; sourceTree = "<group>"; };
		6F5B349827743D4900E05FBB /* Home.swift */ = {isa = PBXFileReference; lastKnownFileType = sourcecode.swift; path = Home.swift; sourceTree = "<group>"; };
		76E69888F057D5FFD7002C5A /* Pods-AppUploadDocs-AppUploadDocsUITests.release.xcconfig */ = {isa = PBXFileReference; includeInIndex = 1; lastKnownFileType = text.xcconfig; name = "Pods-AppUploadDocs-AppUploadDocsUITests.release.xcconfig"; path = "Target Support Files/Pods-AppUploadDocs-AppUploadDocsUITests/Pods-AppUploadDocs-AppUploadDocsUITests.release.xcconfig"; sourceTree = "<group>"; };
		9B9E53C90685F04909BE64B0 /* Pods-AppUploadDocsTests.debug.xcconfig */ = {isa = PBXFileReference; includeInIndex = 1; lastKnownFileType = text.xcconfig; name = "Pods-AppUploadDocsTests.debug.xcconfig"; path = "Target Support Files/Pods-AppUploadDocsTests/Pods-AppUploadDocsTests.debug.xcconfig"; sourceTree = "<group>"; };
		BF3E03DF3A82BB144833BDD1 /* Pods_AppUploadDocsTests.framework */ = {isa = PBXFileReference; explicitFileType = wrapper.framework; includeInIndex = 0; path = Pods_AppUploadDocsTests.framework; sourceTree = BUILT_PRODUCTS_DIR; };
		BFD98EC54A0D129EEFB3709A /* Pods_AppUploadDocs.framework */ = {isa = PBXFileReference; explicitFileType = wrapper.framework; includeInIndex = 0; path = Pods_AppUploadDocs.framework; sourceTree = BUILT_PRODUCTS_DIR; };
		D5F21B9F3B9400E96F441277 /* Pods_AppUploadDocs_AppUploadDocsUITests.framework */ = {isa = PBXFileReference; explicitFileType = wrapper.framework; includeInIndex = 0; path = Pods_AppUploadDocs_AppUploadDocsUITests.framework; sourceTree = BUILT_PRODUCTS_DIR; };
		DA77F7F0DE04D37FDF12C341 /* Pods-AppUploadDocs-AppUploadDocsUITests.debug.xcconfig */ = {isa = PBXFileReference; includeInIndex = 1; lastKnownFileType = text.xcconfig; name = "Pods-AppUploadDocs-AppUploadDocsUITests.debug.xcconfig"; path = "Target Support Files/Pods-AppUploadDocs-AppUploadDocsUITests/Pods-AppUploadDocs-AppUploadDocsUITests.debug.xcconfig"; sourceTree = "<group>"; };
		E714893C288F3F385CF6DC6A /* Pods-AppUploadDocs.debug.xcconfig */ = {isa = PBXFileReference; includeInIndex = 1; lastKnownFileType = text.xcconfig; name = "Pods-AppUploadDocs.debug.xcconfig"; path = "Target Support Files/Pods-AppUploadDocs/Pods-AppUploadDocs.debug.xcconfig"; sourceTree = "<group>"; };
/* End PBXFileReference section */

/* Begin PBXFrameworksBuildPhase section */
		6F00645E2772A0B4004E57EA /* Frameworks */ = {
			isa = PBXFrameworksBuildPhase;
			buildActionMask = 2147483647;
			files = (
				1AB977129C6425F02ACF9E6D /* Pods_AppUploadDocs.framework in Frameworks */,
			);
			runOnlyForDeploymentPostprocessing = 0;
		};
		6F00646E2772A0BA004E57EA /* Frameworks */ = {
			isa = PBXFrameworksBuildPhase;
			buildActionMask = 2147483647;
			files = (
				32B8DCA28B387CF1D0FF4D71 /* Pods_AppUploadDocsTests.framework in Frameworks */,
			);
			runOnlyForDeploymentPostprocessing = 0;
		};
		6F0064782772A0BA004E57EA /* Frameworks */ = {
			isa = PBXFrameworksBuildPhase;
			buildActionMask = 2147483647;
			files = (
				8A69ABCF4C4939E9EE010074 /* Pods_AppUploadDocs_AppUploadDocsUITests.framework in Frameworks */,
			);
			runOnlyForDeploymentPostprocessing = 0;
		};
/* End PBXFrameworksBuildPhase section */

/* Begin PBXGroup section */
		1F5F46ABC49938F6F2F0DE6E /* Pods */ = {
			isa = PBXGroup;
			children = (
				E714893C288F3F385CF6DC6A /* Pods-AppUploadDocs.debug.xcconfig */,
				03834430849D994C760B0F1C /* Pods-AppUploadDocs.release.xcconfig */,
				DA77F7F0DE04D37FDF12C341 /* Pods-AppUploadDocs-AppUploadDocsUITests.debug.xcconfig */,
				76E69888F057D5FFD7002C5A /* Pods-AppUploadDocs-AppUploadDocsUITests.release.xcconfig */,
				9B9E53C90685F04909BE64B0 /* Pods-AppUploadDocsTests.debug.xcconfig */,
				2FD50021376F9E45D7E9F66E /* Pods-AppUploadDocsTests.release.xcconfig */,
			);
			path = Pods;
			sourceTree = "<group>";
		};
		6F0064582772A0B4004E57EA = {
			isa = PBXGroup;
			children = (
				6F0064632772A0B4004E57EA /* AppUploadDocs */,
				6F0064742772A0BA004E57EA /* AppUploadDocsTests */,
				6F00647E2772A0BA004E57EA /* AppUploadDocsUITests */,
				6F0064622772A0B4004E57EA /* Products */,
				1F5F46ABC49938F6F2F0DE6E /* Pods */,
				8D03CACFBB9DD3FAA92F97D4 /* Frameworks */,
			);
			sourceTree = "<group>";
		};
		6F0064622772A0B4004E57EA /* Products */ = {
			isa = PBXGroup;
			children = (
				6F0064612772A0B4004E57EA /* AppUploadDocs.app */,
				6F0064712772A0BA004E57EA /* AppUploadDocsTests.xctest */,
				6F00647B2772A0BA004E57EA /* AppUploadDocsUITests.xctest */,
			);
			name = Products;
			sourceTree = "<group>";
		};
		6F0064632772A0B4004E57EA /* AppUploadDocs */ = {
			isa = PBXGroup;
			children = (
				6F5B348727741D8A00E05FBB /* ViewModel */,
				6F5B348627741D7C00E05FBB /* View */,
				6F4A237E27740A4F002DE793 /* GoogleService-Info.plist */,
				6F0064642772A0B4004E57EA /* AppUploadDocsApp.swift */,
				6F0064662772A0B4004E57EA /* ContentView.swift */,
				6F0064682772A0B9004E57EA /* Assets.xcassets */,
				6F00646A2772A0B9004E57EA /* Preview Content */,
			);
			path = AppUploadDocs;
			sourceTree = "<group>";
		};
		6F00646A2772A0B9004E57EA /* Preview Content */ = {
			isa = PBXGroup;
			children = (
				6F00646B2772A0B9004E57EA /* Preview Assets.xcassets */,
			);
			path = "Preview Content";
			sourceTree = "<group>";
		};
		6F0064742772A0BA004E57EA /* AppUploadDocsTests */ = {
			isa = PBXGroup;
			children = (
				6F0064752772A0BA004E57EA /* AppUploadDocsTests.swift */,
			);
			path = AppUploadDocsTests;
			sourceTree = "<group>";
		};
		6F00647E2772A0BA004E57EA /* AppUploadDocsUITests */ = {
			isa = PBXGroup;
			children = (
				6F00647F2772A0BA004E57EA /* AppUploadDocsUITests.swift */,
				6F0064812772A0BA004E57EA /* AppUploadDocsUITestsLaunchTests.swift */,
			);
			path = AppUploadDocsUITests;
			sourceTree = "<group>";
		};
		6F5B348627741D7C00E05FBB /* View */ = {
			isa = PBXGroup;
			children = (
				6F5B348C2774216300E05FBB /* Login.swift */,
				6F5B34902774323500E05FBB /* CreatedAccount.swift */,
				6F5B349827743D4900E05FBB /* Home.swift */,
			);
			path = View;
			sourceTree = "<group>";
		};
		6F5B348727741D8A00E05FBB /* ViewModel */ = {
			isa = PBXGroup;
			children = (
				6F5B34922774325100E05FBB /* CreatedAccountModel.swift */,
				6F5B34942774342400E05FBB /* GeneralViewModel.swift */,
				6F5B34962774393B00E05FBB /* LoginViewModel.swift */,
			);
			path = ViewModel;
			sourceTree = "<group>";
		};
		8D03CACFBB9DD3FAA92F97D4 /* Frameworks */ = {
			isa = PBXGroup;
			children = (
				BFD98EC54A0D129EEFB3709A /* Pods_AppUploadDocs.framework */,
				D5F21B9F3B9400E96F441277 /* Pods_AppUploadDocs_AppUploadDocsUITests.framework */,
				BF3E03DF3A82BB144833BDD1 /* Pods_AppUploadDocsTests.framework */,
			);
			name = Frameworks;
			sourceTree = "<group>";
		};
/* End PBXGroup section */

/* Begin PBXNativeTarget section */
		6F0064602772A0B4004E57EA /* AppUploadDocs */ = {
			isa = PBXNativeTarget;
			buildConfigurationList = 6F0064852772A0BA004E57EA /* Build configuration list for PBXNativeTarget "AppUploadDocs" */;
			buildPhases = (
				C5BAC38D4E4616DD692909A7 /* [CP] Check Pods Manifest.lock */,
				6F00645D2772A0B4004E57EA /* Sources */,
				6F00645E2772A0B4004E57EA /* Frameworks */,
				6F00645F2772A0B4004E57EA /* Resources */,
				06ED580C702E08BF3FA632E0 /* [CP] Embed Pods Frameworks */,
			);
			buildRules = (
			);
			dependencies = (
			);
			name = AppUploadDocs;
			productName = AppUploadDocs;
			productReference = 6F0064612772A0B4004E57EA /* AppUploadDocs.app */;
			productType = "com.apple.product-type.application";
		};
		6F0064702772A0BA004E57EA /* AppUploadDocsTests */ = {
			isa = PBXNativeTarget;
			buildConfigurationList = 6F0064882772A0BA004E57EA /* Build configuration list for PBXNativeTarget "AppUploadDocsTests" */;
			buildPhases = (
				A04F1FEF5510C329212F97A8 /* [CP] Check Pods Manifest.lock */,
				6F00646D2772A0BA004E57EA /* Sources */,
				6F00646E2772A0BA004E57EA /* Frameworks */,
				6F00646F2772A0BA004E57EA /* Resources */,
			);
			buildRules = (
			);
			dependencies = (
				6F0064732772A0BA004E57EA /* PBXTargetDependency */,
			);
			name = AppUploadDocsTests;
			productName = AppUploadDocsTests;
			productReference = 6F0064712772A0BA004E57EA /* AppUploadDocsTests.xctest */;
			productType = "com.apple.product-type.bundle.unit-test";
		};
		6F00647A2772A0BA004E57EA /* AppUploadDocsUITests */ = {
			isa = PBXNativeTarget;
			buildConfigurationList = 6F00648B2772A0BA004E57EA /* Build configuration list for PBXNativeTarget "AppUploadDocsUITests" */;
			buildPhases = (
				25030D2E07548BD487BBF582 /* [CP] Check Pods Manifest.lock */,
				6F0064772772A0BA004E57EA /* Sources */,
				6F0064782772A0BA004E57EA /* Frameworks */,
				6F0064792772A0BA004E57EA /* Resources */,
				1EF09C9A9EA28585ECAC9A15 /* [CP] Embed Pods Frameworks */,
			);
			buildRules = (
			);
			dependencies = (
				6F00647D2772A0BA004E57EA /* PBXTargetDependency */,
			);
			name = AppUploadDocsUITests;
			productName = AppUploadDocsUITests;
			productReference = 6F00647B2772A0BA004E57EA /* AppUploadDocsUITests.xctest */;
			productType = "com.apple.product-type.bundle.ui-testing";
		};
/* End PBXNativeTarget section */

/* Begin PBXProject section */
		6F0064592772A0B4004E57EA /* Project object */ = {
			isa = PBXProject;
			attributes = {
				BuildIndependentTargetsInParallel = 1;
				LastSwiftUpdateCheck = 1320;
				LastUpgradeCheck = 1320;
				TargetAttributes = {
					6F0064602772A0B4004E57EA = {
						CreatedOnToolsVersion = 13.2;
					};
					6F0064702772A0BA004E57EA = {
						CreatedOnToolsVersion = 13.2;
						TestTargetID = 6F0064602772A0B4004E57EA;
					};
					6F00647A2772A0BA004E57EA = {
						CreatedOnToolsVersion = 13.2;
						TestTargetID = 6F0064602772A0B4004E57EA;
					};
				};
			};
			buildConfigurationList = 6F00645C2772A0B4004E57EA /* Build configuration list for PBXProject "AppUploadDocs" */;
			compatibilityVersion = "Xcode 13.0";
			developmentRegion = en;
			hasScannedForEncodings = 0;
			knownRegions = (
				en,
				Base,
			);
			mainGroup = 6F0064582772A0B4004E57EA;
			productRefGroup = 6F0064622772A0B4004E57EA /* Products */;
			projectDirPath = "";
			projectRoot = "";
			targets = (
				6F0064602772A0B4004E57EA /* AppUploadDocs */,
				6F0064702772A0BA004E57EA /* AppUploadDocsTests */,
				6F00647A2772A0BA004E57EA /* AppUploadDocsUITests */,
			);
		};
/* End PBXProject section */

/* Begin PBXResourcesBuildPhase section */
		6F00645F2772A0B4004E57EA /* Resources */ = {
			isa = PBXResourcesBuildPhase;
			buildActionMask = 2147483647;
			files = (
				6F00646C2772A0B9004E57EA /* Preview Assets.xcassets in Resources */,
				6F4A237F27740A4F002DE793 /* GoogleService-Info.plist in Resources */,
				6F0064692772A0B9004E57EA /* Assets.xcassets in Resources */,
			);
			runOnlyForDeploymentPostprocessing = 0;
		};
		6F00646F2772A0BA004E57EA /* Resources */ = {
			isa = PBXResourcesBuildPhase;
			buildActionMask = 2147483647;
			files = (
			);
			runOnlyForDeploymentPostprocessing = 0;
		};
		6F0064792772A0BA004E57EA /* Resources */ = {
			isa = PBXResourcesBuildPhase;
			buildActionMask = 2147483647;
			files = (
			);
			runOnlyForDeploymentPostprocessing = 0;
		};
/* End PBXResourcesBuildPhase section */

/* Begin PBXShellScriptBuildPhase section */
		06ED580C702E08BF3FA632E0 /* [CP] Embed Pods Frameworks */ = {
			isa = PBXShellScriptBuildPhase;
			buildActionMask = 2147483647;
			files = (
			);
			inputFileListPaths = (
				"${PODS_ROOT}/Target Support Files/Pods-AppUploadDocs/Pods-AppUploadDocs-frameworks-${CONFIGURATION}-input-files.xcfilelist",
			);
			name = "[CP] Embed Pods Frameworks";
			outputFileListPaths = (
				"${PODS_ROOT}/Target Support Files/Pods-AppUploadDocs/Pods-AppUploadDocs-frameworks-${CONFIGURATION}-output-files.xcfilelist",
			);
			runOnlyForDeploymentPostprocessing = 0;
			shellPath = /bin/sh;
			shellScript = "\"${PODS_ROOT}/Target Support Files/Pods-AppUploadDocs/Pods-AppUploadDocs-frameworks.sh\"\n";
			showEnvVarsInLog = 0;
		};
		1EF09C9A9EA28585ECAC9A15 /* [CP] Embed Pods Frameworks */ = {
			isa = PBXShellScriptBuildPhase;
			buildActionMask = 2147483647;
			files = (
			);
			inputFileListPaths = (
				"${PODS_ROOT}/Target Support Files/Pods-AppUploadDocs-AppUploadDocsUITests/Pods-AppUploadDocs-AppUploadDocsUITests-frameworks-${CONFIGURATION}-input-files.xcfilelist",
			);
			name = "[CP] Embed Pods Frameworks";
			outputFileListPaths = (
				"${PODS_ROOT}/Target Support Files/Pods-AppUploadDocs-AppUploadDocsUITests/Pods-AppUploadDocs-AppUploadDocsUITests-frameworks-${CONFIGURATION}-output-files.xcfilelist",
			);
			runOnlyForDeploymentPostprocessing = 0;
			shellPath = /bin/sh;
			shellScript = "\"${PODS_ROOT}/Target Support Files/Pods-AppUploadDocs-AppUploadDocsUITests/Pods-AppUploadDocs-AppUploadDocsUITests-frameworks.sh\"\n";
			showEnvVarsInLog = 0;
		};
		25030D2E07548BD487BBF582 /* [CP] Check Pods Manifest.lock */ = {
			isa = PBXShellScriptBuildPhase;
			buildActionMask = 2147483647;
			files = (
			);
			inputFileListPaths = (
			);
			inputPaths = (
				"${PODS_PODFILE_DIR_PATH}/Podfile.lock",
				"${PODS_ROOT}/Manifest.lock",
			);
			name = "[CP] Check Pods Manifest.lock";
			outputFileListPaths = (
			);
			outputPaths = (
				"$(DERIVED_FILE_DIR)/Pods-AppUploadDocs-AppUploadDocsUITests-checkManifestLockResult.txt",
			);
			runOnlyForDeploymentPostprocessing = 0;
			shellPath = /bin/sh;
			shellScript = "diff \"${PODS_PODFILE_DIR_PATH}/Podfile.lock\" \"${PODS_ROOT}/Manifest.lock\" > /dev/null\nif [ $? != 0 ] ; then\n    # print error to STDERR\n    echo \"error: The sandbox is not in sync with the Podfile.lock. Run 'pod install' or update your CocoaPods installation.\" >&2\n    exit 1\nfi\n# This output is used by Xcode 'outputs' to avoid re-running this script phase.\necho \"SUCCESS\" > \"${SCRIPT_OUTPUT_FILE_0}\"\n";
			showEnvVarsInLog = 0;
		};
		A04F1FEF5510C329212F97A8 /* [CP] Check Pods Manifest.lock */ = {
			isa = PBXShellScriptBuildPhase;
			buildActionMask = 2147483647;
			files = (
			);
			inputFileListPaths = (
			);
			inputPaths = (
				"${PODS_PODFILE_DIR_PATH}/Podfile.lock",
				"${PODS_ROOT}/Manifest.lock",
			);
			name = "[CP] Check Pods Manifest.lock";
			outputFileListPaths = (
			);
			outputPaths = (
				"$(DERIVED_FILE_DIR)/Pods-AppUploadDocsTests-checkManifestLockResult.txt",
			);
			runOnlyForDeploymentPostprocessing = 0;
			shellPath = /bin/sh;
			shellScript = "diff \"${PODS_PODFILE_DIR_PATH}/Podfile.lock\" \"${PODS_ROOT}/Manifest.lock\" > /dev/null\nif [ $? != 0 ] ; then\n    # print error to STDERR\n    echo \"error: The sandbox is not in sync with the Podfile.lock. Run 'pod install' or update your CocoaPods installation.\" >&2\n    exit 1\nfi\n# This output is used by Xcode 'outputs' to avoid re-running this script phase.\necho \"SUCCESS\" > \"${SCRIPT_OUTPUT_FILE_0}\"\n";
			showEnvVarsInLog = 0;
		};
		C5BAC38D4E4616DD692909A7 /* [CP] Check Pods Manifest.lock */ = {
			isa = PBXShellScriptBuildPhase;
			buildActionMask = 2147483647;
			files = (
			);
			inputFileListPaths = (
			);
			inputPaths = (
				"${PODS_PODFILE_DIR_PATH}/Podfile.lock",
				"${PODS_ROOT}/Manifest.lock",
			);
			name = "[CP] Check Pods Manifest.lock";
			outputFileListPaths = (
			);
			outputPaths = (
				"$(DERIVED_FILE_DIR)/Pods-AppUploadDocs-checkManifestLockResult.txt",
			);
			runOnlyForDeploymentPostprocessing = 0;
			shellPath = /bin/sh;
			shellScript = "diff \"${PODS_PODFILE_DIR_PATH}/Podfile.lock\" \"${PODS_ROOT}/Manifest.lock\" > /dev/null\nif [ $? != 0 ] ; then\n    # print error to STDERR\n    echo \"error: The sandbox is not in sync with the Podfile.lock. Run 'pod install' or update your CocoaPods installation.\" >&2\n    exit 1\nfi\n# This output is used by Xcode 'outputs' to avoid re-running this script phase.\necho \"SUCCESS\" > \"${SCRIPT_OUTPUT_FILE_0}\"\n";
			showEnvVarsInLog = 0;
		};
/* End PBXShellScriptBuildPhase section */

/* Begin PBXSourcesBuildPhase section */
		6F00645D2772A0B4004E57EA /* Sources */ = {
			isa = PBXSourcesBuildPhase;
			buildActionMask = 2147483647;
			files = (
				6F0064672772A0B4004E57EA /* ContentView.swift in Sources */,
				6F5B34932774325100E05FBB /* CreatedAccountModel.swift in Sources */,
				6F0064652772A0B4004E57EA /* AppUploadDocsApp.swift in Sources */,
				6F5B34952774342400E05FBB /* GeneralViewModel.swift in Sources */,
				6F5B348D2774216300E05FBB /* Login.swift in Sources */,
				6F5B34912774323500E05FBB /* CreatedAccount.swift in Sources */,
				6F5B349927743D4900E05FBB /* Home.swift in Sources */,
				6F5B34972774393B00E05FBB /* LoginViewModel.swift in Sources */,
			);
			runOnlyForDeploymentPostprocessing = 0;
		};
		6F00646D2772A0BA004E57EA /* Sources */ = {
			isa = PBXSourcesBuildPhase;
			buildActionMask = 2147483647;
			files = (
				6F0064762772A0BA004E57EA /* AppUploadDocsTests.swift in Sources */,
			);
			runOnlyForDeploymentPostprocessing = 0;
		};
		6F0064772772A0BA004E57EA /* Sources */ = {
			isa = PBXSourcesBuildPhase;
			buildActionMask = 2147483647;
			files = (
				6F0064822772A0BA004E57EA /* AppUploadDocsUITestsLaunchTests.swift in Sources */,
				6F0064802772A0BA004E57EA /* AppUploadDocsUITests.swift in Sources */,
			);
			runOnlyForDeploymentPostprocessing = 0;
		};
/* End PBXSourcesBuildPhase section */

/* Begin PBXTargetDependency section */
		6F0064732772A0BA004E57EA /* PBXTargetDependency */ = {
			isa = PBXTargetDependency;
			target = 6F0064602772A0B4004E57EA /* AppUploadDocs */;
			targetProxy = 6F0064722772A0BA004E57EA /* PBXContainerItemProxy */;
		};
		6F00647D2772A0BA004E57EA /* PBXTargetDependency */ = {
			isa = PBXTargetDependency;
			target = 6F0064602772A0B4004E57EA /* AppUploadDocs */;
			targetProxy = 6F00647C2772A0BA004E57EA /* PBXContainerItemProxy */;
		};
/* End PBXTargetDependency section */

/* Begin XCBuildConfiguration section */
		6F0064832772A0BA004E57EA /* Debug */ = {
			isa = XCBuildConfiguration;
			buildSettings = {
				ALWAYS_SEARCH_USER_PATHS = NO;
				CLANG_ANALYZER_NONNULL = YES;
				CLANG_ANALYZER_NUMBER_OBJECT_CONVERSION = YES_AGGRESSIVE;
				CLANG_CXX_LANGUAGE_STANDARD = "gnu++17";
				CLANG_CXX_LIBRARY = "libc++";
				CLANG_ENABLE_MODULES = YES;
				CLANG_ENABLE_OBJC_ARC = YES;
				CLANG_ENABLE_OBJC_WEAK = YES;
				CLANG_WARN_BLOCK_CAPTURE_AUTORELEASING = YES;
				CLANG_WARN_BOOL_CONVERSION = YES;
				CLANG_WARN_COMMA = YES;
				CLANG_WARN_CONSTANT_CONVERSION = YES;
				CLANG_WARN_DEPRECATED_OBJC_IMPLEMENTATIONS = YES;
				CLANG_WARN_DIRECT_OBJC_ISA_USAGE = YES_ERROR;
				CLANG_WARN_DOCUMENTATION_COMMENTS = YES;
				CLANG_WARN_EMPTY_BODY = YES;
				CLANG_WARN_ENUM_CONVERSION = YES;
				CLANG_WARN_INFINITE_RECURSION = YES;
				CLANG_WARN_INT_CONVERSION = YES;
				CLANG_WARN_NON_LITERAL_NULL_CONVERSION = YES;
				CLANG_WARN_OBJC_IMPLICIT_RETAIN_SELF = YES;
				CLANG_WARN_OBJC_LITERAL_CONVERSION = YES;
				CLANG_WARN_OBJC_ROOT_CLASS = YES_ERROR;
				CLANG_WARN_QUOTED_INCLUDE_IN_FRAMEWORK_HEADER = YES;
				CLANG_WARN_RANGE_LOOP_ANALYSIS = YES;
				CLANG_WARN_STRICT_PROTOTYPES = YES;
				CLANG_WARN_SUSPICIOUS_MOVE = YES;
				CLANG_WARN_UNGUARDED_AVAILABILITY = YES_AGGRESSIVE;
				CLANG_WARN_UNREACHABLE_CODE = YES;
				CLANG_WARN__DUPLICATE_METHOD_MATCH = YES;
				COPY_PHASE_STRIP = NO;
				DEBUG_INFORMATION_FORMAT = dwarf;
				ENABLE_STRICT_OBJC_MSGSEND = YES;
				ENABLE_TESTABILITY = YES;
				GCC_C_LANGUAGE_STANDARD = gnu11;
				GCC_DYNAMIC_NO_PIC = NO;
				GCC_NO_COMMON_BLOCKS = YES;
				GCC_OPTIMIZATION_LEVEL = 0;
				GCC_PREPROCESSOR_DEFINITIONS = (
					"DEBUG=1",
					"$(inherited)",
				);
				GCC_WARN_64_TO_32_BIT_CONVERSION = YES;
				GCC_WARN_ABOUT_RETURN_TYPE = YES_ERROR;
				GCC_WARN_UNDECLARED_SELECTOR = YES;
				GCC_WARN_UNINITIALIZED_AUTOS = YES_AGGRESSIVE;
				GCC_WARN_UNUSED_FUNCTION = YES;
				GCC_WARN_UNUSED_VARIABLE = YES;
				IPHONEOS_DEPLOYMENT_TARGET = 15.2;
				MTL_ENABLE_DEBUG_INFO = INCLUDE_SOURCE;
				MTL_FAST_MATH = YES;
				ONLY_ACTIVE_ARCH = YES;
				SDKROOT = iphoneos;
				SWIFT_ACTIVE_COMPILATION_CONDITIONS = DEBUG;
				SWIFT_OPTIMIZATION_LEVEL = "-Onone";
			};
			name = Debug;
		};
		6F0064842772A0BA004E57EA /* Release */ = {
			isa = XCBuildConfiguration;
			buildSettings = {
				ALWAYS_SEARCH_USER_PATHS = NO;
				CLANG_ANALYZER_NONNULL = YES;
				CLANG_ANALYZER_NUMBER_OBJECT_CONVERSION = YES_AGGRESSIVE;
				CLANG_CXX_LANGUAGE_STANDARD = "gnu++17";
				CLANG_CXX_LIBRARY = "libc++";
				CLANG_ENABLE_MODULES = YES;
				CLANG_ENABLE_OBJC_ARC = YES;
				CLANG_ENABLE_OBJC_WEAK = YES;
				CLANG_WARN_BLOCK_CAPTURE_AUTORELEASING = YES;
				CLANG_WARN_BOOL_CONVERSION = YES;
				CLANG_WARN_COMMA = YES;
				CLANG_WARN_CONSTANT_CONVERSION = YES;
				CLANG_WARN_DEPRECATED_OBJC_IMPLEMENTATIONS = YES;
				CLANG_WARN_DIRECT_OBJC_ISA_USAGE = YES_ERROR;
				CLANG_WARN_DOCUMENTATION_COMMENTS = YES;
				CLANG_WARN_EMPTY_BODY = YES;
				CLANG_WARN_ENUM_CONVERSION = YES;
				CLANG_WARN_INFINITE_RECURSION = YES;
				CLANG_WARN_INT_CONVERSION = YES;
				CLANG_WARN_NON_LITERAL_NULL_CONVERSION = YES;
				CLANG_WARN_OBJC_IMPLICIT_RETAIN_SELF = YES;
				CLANG_WARN_OBJC_LITERAL_CONVERSION = YES;
				CLANG_WARN_OBJC_ROOT_CLASS = YES_ERROR;
				CLANG_WARN_QUOTED_INCLUDE_IN_FRAMEWORK_HEADER = YES;
				CLANG_WARN_RANGE_LOOP_ANALYSIS = YES;
				CLANG_WARN_STRICT_PROTOTYPES = YES;
				CLANG_WARN_SUSPICIOUS_MOVE = YES;
				CLANG_WARN_UNGUARDED_AVAILABILITY = YES_AGGRESSIVE;
				CLANG_WARN_UNREACHABLE_CODE = YES;
				CLANG_WARN__DUPLICATE_METHOD_MATCH = YES;
				COPY_PHASE_STRIP = NO;
				DEBUG_INFORMATION_FORMAT = "dwarf-with-dsym";
				ENABLE_NS_ASSERTIONS = NO;
				ENABLE_STRICT_OBJC_MSGSEND = YES;
				GCC_C_LANGUAGE_STANDARD = gnu11;
				GCC_NO_COMMON_BLOCKS = YES;
				GCC_WARN_64_TO_32_BIT_CONVERSION = YES;
				GCC_WARN_ABOUT_RETURN_TYPE = YES_ERROR;
				GCC_WARN_UNDECLARED_SELECTOR = YES;
				GCC_WARN_UNINITIALIZED_AUTOS = YES_AGGRESSIVE;
				GCC_WARN_UNUSED_FUNCTION = YES;
				GCC_WARN_UNUSED_VARIABLE = YES;
				IPHONEOS_DEPLOYMENT_TARGET = 15.2;
				MTL_ENABLE_DEBUG_INFO = NO;
				MTL_FAST_MATH = YES;
				SDKROOT = iphoneos;
				SWIFT_COMPILATION_MODE = wholemodule;
				SWIFT_OPTIMIZATION_LEVEL = "-O";
				VALIDATE_PRODUCT = YES;
			};
			name = Release;
		};
		6F0064862772A0BA004E57EA /* Debug */ = {
			isa = XCBuildConfiguration;
			baseConfigurationReference = E714893C288F3F385CF6DC6A /* Pods-AppUploadDocs.debug.xcconfig */;
			buildSettings = {
				ASSETCATALOG_COMPILER_APPICON_NAME = AppIcon;
				ASSETCATALOG_COMPILER_GLOBAL_ACCENT_COLOR_NAME = AccentColor;
				CODE_SIGN_STYLE = Automatic;
				CURRENT_PROJECT_VERSION = 1;
				DEVELOPMENT_ASSET_PATHS = "\"AppUploadDocs/Preview Content\"";
				ENABLE_PREVIEWS = YES;
				GENERATE_INFOPLIST_FILE = YES;
				INFOPLIST_KEY_UIApplicationSceneManifest_Generation = YES;
				INFOPLIST_KEY_UIApplicationSupportsIndirectInputEvents = YES;
				INFOPLIST_KEY_UILaunchScreen_Generation = YES;
				INFOPLIST_KEY_UISupportedInterfaceOrientations_iPad = "UIInterfaceOrientationPortrait UIInterfaceOrientationPortraitUpsideDown UIInterfaceOrientationLandscapeLeft UIInterfaceOrientationLandscapeRight";
				INFOPLIST_KEY_UISupportedInterfaceOrientations_iPhone = "UIInterfaceOrientationPortrait UIInterfaceOrientationLandscapeLeft UIInterfaceOrientationLandscapeRight";
				LD_RUNPATH_SEARCH_PATHS = (
					"$(inherited)",
					"@executable_path/Frameworks",
				);
				MARKETING_VERSION = 1.0;
				PRODUCT_BUNDLE_IDENTIFIER = com.sophos.AppUploadDocs;
				PRODUCT_NAME = "$(TARGET_NAME)";
				SWIFT_EMIT_LOC_STRINGS = YES;
				SWIFT_VERSION = 5.0;
				TARGETED_DEVICE_FAMILY = "1,2";
			};
			name = Debug;
		};
		6F0064872772A0BA004E57EA /* Release */ = {
			isa = XCBuildConfiguration;
			baseConfigurationReference = 03834430849D994C760B0F1C /* Pods-AppUploadDocs.release.xcconfig */;
			buildSettings = {
				ASSETCATALOG_COMPILER_APPICON_NAME = AppIcon;
				ASSETCATALOG_COMPILER_GLOBAL_ACCENT_COLOR_NAME = AccentColor;
				CODE_SIGN_STYLE = Automatic;
				CURRENT_PROJECT_VERSION = 1;
				DEVELOPMENT_ASSET_PATHS = "\"AppUploadDocs/Preview Content\"";
				ENABLE_PREVIEWS = YES;
				GENERATE_INFOPLIST_FILE = YES;
				INFOPLIST_KEY_UIApplicationSceneManifest_Generation = YES;
				INFOPLIST_KEY_UIApplicationSupportsIndirectInputEvents = YES;
				INFOPLIST_KEY_UILaunchScreen_Generation = YES;
				INFOPLIST_KEY_UISupportedInterfaceOrientations_iPad = "UIInterfaceOrientationPortrait UIInterfaceOrientationPortraitUpsideDown UIInterfaceOrientationLandscapeLeft UIInterfaceOrientationLandscapeRight";
				INFOPLIST_KEY_UISupportedInterfaceOrientations_iPhone = "UIInterfaceOrientationPortrait UIInterfaceOrientationLandscapeLeft UIInterfaceOrientationLandscapeRight";
				LD_RUNPATH_SEARCH_PATHS = (
					"$(inherited)",
					"@executable_path/Frameworks",
				);
				MARKETING_VERSION = 1.0;
				PRODUCT_BUNDLE_IDENTIFIER = com.sophos.AppUploadDocs;
				PRODUCT_NAME = "$(TARGET_NAME)";
				SWIFT_EMIT_LOC_STRINGS = YES;
				SWIFT_VERSION = 5.0;
				TARGETED_DEVICE_FAMILY = "1,2";
			};
			name = Release;
		};
		6F0064892772A0BA004E57EA /* Debug */ = {
			isa = XCBuildConfiguration;
			baseConfigurationReference = 9B9E53C90685F04909BE64B0 /* Pods-AppUploadDocsTests.debug.xcconfig */;
			buildSettings = {
				ALWAYS_EMBED_SWIFT_STANDARD_LIBRARIES = YES;
				BUNDLE_LOADER = "$(TEST_HOST)";
				CODE_SIGN_STYLE = Automatic;
				CURRENT_PROJECT_VERSION = 1;
				GENERATE_INFOPLIST_FILE = YES;
				IPHONEOS_DEPLOYMENT_TARGET = 15.2;
				MARKETING_VERSION = 1.0;
				PRODUCT_BUNDLE_IDENTIFIER = com.sophos.AppUploadDocsTests;
				PRODUCT_NAME = "$(TARGET_NAME)";
				SWIFT_EMIT_LOC_STRINGS = NO;
				SWIFT_VERSION = 5.0;
				TARGETED_DEVICE_FAMILY = "1,2";
				TEST_HOST = "$(BUILT_PRODUCTS_DIR)/AppUploadDocs.app/AppUploadDocs";
			};
			name = Debug;
		};
		6F00648A2772A0BA004E57EA /* Release */ = {
			isa = XCBuildConfiguration;
			baseConfigurationReference = 2FD50021376F9E45D7E9F66E /* Pods-AppUploadDocsTests.release.xcconfig */;
			buildSettings = {
				ALWAYS_EMBED_SWIFT_STANDARD_LIBRARIES = YES;
				BUNDLE_LOADER = "$(TEST_HOST)";
				CODE_SIGN_STYLE = Automatic;
				CURRENT_PROJECT_VERSION = 1;
				GENERATE_INFOPLIST_FILE = YES;
				IPHONEOS_DEPLOYMENT_TARGET = 15.2;
				MARKETING_VERSION = 1.0;
				PRODUCT_BUNDLE_IDENTIFIER = com.sophos.AppUploadDocsTests;
				PRODUCT_NAME = "$(TARGET_NAME)";
				SWIFT_EMIT_LOC_STRINGS = NO;
				SWIFT_VERSION = 5.0;
				TARGETED_DEVICE_FAMILY = "1,2";
				TEST_HOST = "$(BUILT_PRODUCTS_DIR)/AppUploadDocs.app/AppUploadDocs";
			};
			name = Release;
		};
		6F00648C2772A0BA004E57EA /* Debug */ = {
			isa = XCBuildConfiguration;
			baseConfigurationReference = DA77F7F0DE04D37FDF12C341 /* Pods-AppUploadDocs-AppUploadDocsUITests.debug.xcconfig */;
			buildSettings = {
				ALWAYS_EMBED_SWIFT_STANDARD_LIBRARIES = YES;
				CODE_SIGN_STYLE = Automatic;
				CURRENT_PROJECT_VERSION = 1;
				GENERATE_INFOPLIST_FILE = YES;
				MARKETING_VERSION = 1.0;
				PRODUCT_BUNDLE_IDENTIFIER = com.sophos.AppUploadDocsUITests;
				PRODUCT_NAME = "$(TARGET_NAME)";
				SWIFT_EMIT_LOC_STRINGS = NO;
				SWIFT_VERSION = 5.0;
				TARGETED_DEVICE_FAMILY = "1,2";
				TEST_TARGET_NAME = AppUploadDocs;
			};
			name = Debug;
		};
		6F00648D2772A0BA004E57EA /* Release */ = {
			isa = XCBuildConfiguration;
			baseConfigurationReference = 76E69888F057D5FFD7002C5A /* Pods-AppUploadDocs-AppUploadDocsUITests.release.xcconfig */;
			buildSettings = {
				ALWAYS_EMBED_SWIFT_STANDARD_LIBRARIES = YES;
				CODE_SIGN_STYLE = Automatic;
				CURRENT_PROJECT_VERSION = 1;
				GENERATE_INFOPLIST_FILE = YES;
				MARKETING_VERSION = 1.0;
				PRODUCT_BUNDLE_IDENTIFIER = com.sophos.AppUploadDocsUITests;
				PRODUCT_NAME = "$(TARGET_NAME)";
				SWIFT_EMIT_LOC_STRINGS = NO;
				SWIFT_VERSION = 5.0;
				TARGETED_DEVICE_FAMILY = "1,2";
				TEST_TARGET_NAME = AppUploadDocs;
			};
			name = Release;
		};
/* End XCBuildConfiguration section */

/* Begin XCConfigurationList section */
		6F00645C2772A0B4004E57EA /* Build configuration list for PBXProject "AppUploadDocs" */ = {
			isa = XCConfigurationList;
			buildConfigurations = (
				6F0064832772A0BA004E57EA /* Debug */,
				6F0064842772A0BA004E57EA /* Release */,
			);
			defaultConfigurationIsVisible = 0;
			defaultConfigurationName = Release;
		};
		6F0064852772A0BA004E57EA /* Build configuration list for PBXNativeTarget "AppUploadDocs" */ = {
			isa = XCConfigurationList;
			buildConfigurations = (
				6F0064862772A0BA004E57EA /* Debug */,
				6F0064872772A0BA004E57EA /* Release */,
			);
			defaultConfigurationIsVisible = 0;
			defaultConfigurationName = Release;
		};
		6F0064882772A0BA004E57EA /* Build configuration list for PBXNativeTarget "AppUploadDocsTests" */ = {
			isa = XCConfigurationList;
			buildConfigurations = (
				6F0064892772A0BA004E57EA /* Debug */,
				6F00648A2772A0BA004E57EA /* Release */,
			);
			defaultConfigurationIsVisible = 0;
			defaultConfigurationName = Release;
		};
		6F00648B2772A0BA004E57EA /* Build configuration list for PBXNativeTarget "AppUploadDocsUITests" */ = {
			isa = XCConfigurationList;
			buildConfigurations = (
				6F00648C2772A0BA004E57EA /* Debug */,
				6F00648D2772A0BA004E57EA /* Release */,
			);
			defaultConfigurationIsVisible = 0;
			defaultConfigurationName = Release;
		};
/* End XCConfigurationList section */
	};
	rootObject = 6F0064592772A0B4004E57EA /* Project object */;
}
